
Microsoft Visual Studio Solution File, Format Version 12.00
# Visual Studio Version 17
VisualStudioVersion = 17.6.33723.286
MinimumVisualStudioVersion = 10.0.40219.1
Project("{2150E333-8FDC-42A3-9474-1A3956D46DE8}") = "src", "src", "{E18085C0-D587-4576-ADF3-FE73AD3656F6}"
EndProject
Project("{2150E333-8FDC-42A3-9474-1A3956D46DE8}") = "solution files", "solution files", "{CAEA0D22-3009-4238-947A-E73BC08582B4}"
EndProject
Project("{2150E333-8FDC-42A3-9474-1A3956D46DE8}") = "tests", "tests", "{3F4061E1-EF5D-488E-9681-93AD423A71CE}"
EndProject
Project("{2150E333-8FDC-42A3-9474-1A3956D46DE8}") = "Users", "Users", "{EA02BD25-D392-4732-B1D0-8395709EE4F9}"
EndProject
Project("{2150E333-8FDC-42A3-9474-1A3956D46DE8}") = "Shared", "Shared", "{B4AC6E15-7EB2-4E1F-8E8B-51780B0CC4F1}"
EndProject
Project("{2150E333-8FDC-42A3-9474-1A3956D46DE8}") = "Wallet", "Wallet", "{182F027A-DBA3-44BE-B1BC-6AD0D40A9D43}"
EndProject
Project("{2150E333-8FDC-42A3-9474-1A3956D46DE8}") = "Notifications", "Notifications", "{5683E256-B757-4C02-81C5-E0E25B451783}"
EndProject
Project("{2150E333-8FDC-42A3-9474-1A3956D46DE8}") = "Products", "Products", "{F738D126-7FCF-4FB8-8B96-D4469B907684}"
EndProject
Project("{2150E333-8FDC-42A3-9474-1A3956D46DE8}") = "Basket", "Basket", "{10249E94-C7C6-4C1A-BA4C-6F4924A93D71}"
EndProject
Project("{FAE04EC0-301F-11D3-BF4B-00C04F79EFBC}") = "API", "src\API\API.csproj", "{2E8C52E2-11B4-4DAB-8402-D9C3F4ABEF97}"
EndProject
Project("{FAE04EC0-301F-11D3-BF4B-00C04F79EFBC}") = "Shared", "src\Shared\Shared.csproj", "{0EF3FDB9-F40D-48A4-9DB8-5178F7B58530}"
EndProject
Global
	GlobalSection(SolutionConfigurationPlatforms) = preSolution
		Debug|Any CPU = Debug|Any CPU
		Release|Any CPU = Release|Any CPU
	EndGlobalSection
	GlobalSection(ProjectConfigurationPlatforms) = postSolution
		{2E8C52E2-11B4-4DAB-8402-D9C3F4ABEF97}.Debug|Any CPU.ActiveCfg = Debug|Any CPU
		{2E8C52E2-11B4-4DAB-8402-D9C3F4ABEF97}.Debug|Any CPU.Build.0 = Debug|Any CPU
		{2E8C52E2-11B4-4DAB-8402-D9C3F4ABEF97}.Release|Any CPU.ActiveCfg = Release|Any CPU
		{2E8C52E2-11B4-4DAB-8402-D9C3F4ABEF97}.Release|Any CPU.Build.0 = Release|Any CPU
		{0EF3FDB9-F40D-48A4-9DB8-5178F7B58530}.Debug|Any CPU.ActiveCfg = Debug|Any CPU
		{0EF3FDB9-F40D-48A4-9DB8-5178F7B58530}.Debug|Any CPU.Build.0 = Debug|Any CPU
		{0EF3FDB9-F40D-48A4-9DB8-5178F7B58530}.Release|Any CPU.ActiveCfg = Release|Any CPU
		{0EF3FDB9-F40D-48A4-9DB8-5178F7B58530}.Release|Any CPU.Build.0 = Release|Any CPU
	EndGlobalSection
	GlobalSection(SolutionProperties) = preSolution
		HideSolutionNode = FALSE
	EndGlobalSection
	GlobalSection(NestedProjects) = preSolution
		{EA02BD25-D392-4732-B1D0-8395709EE4F9} = {E18085C0-D587-4576-ADF3-FE73AD3656F6}
		{B4AC6E15-7EB2-4E1F-8E8B-51780B0CC4F1} = {E18085C0-D587-4576-ADF3-FE73AD3656F6}
		{182F027A-DBA3-44BE-B1BC-6AD0D40A9D43} = {E18085C0-D587-4576-ADF3-FE73AD3656F6}
		{5683E256-B757-4C02-81C5-E0E25B451783} = {E18085C0-D587-4576-ADF3-FE73AD3656F6}
		{F738D126-7FCF-4FB8-8B96-D4469B907684} = {E18085C0-D587-4576-ADF3-FE73AD3656F6}
		{10249E94-C7C6-4C1A-BA4C-6F4924A93D71} = {E18085C0-D587-4576-ADF3-FE73AD3656F6}
		{2E8C52E2-11B4-4DAB-8402-D9C3F4ABEF97} = {E18085C0-D587-4576-ADF3-FE73AD3656F6}
		{0EF3FDB9-F40D-48A4-9DB8-5178F7B58530} = {B4AC6E15-7EB2-4E1F-8E8B-51780B0CC4F1}
	EndGlobalSection
	GlobalSection(ExtensibilityGlobals) = postSolution
		SolutionGuid = {A08FACEF-1F5A-4D76-9DB4-3F421BD0155C}
	EndGlobalSection
EndGlobal
